
Microsoft Visual Studio Solution File, Format Version 12.00
# Visual Studio 15
VisualStudioVersion = 15.0.27130.2036
MinimumVisualStudioVersion = 10.0.40219.1
Project("{8BC9CEB8-8B4A-11D0-8D11-00A0C91BC942}") = "9.2", "9.2\9.2.vcxproj", "{9A3F8D61-37A4-4C6B-83DB-1F35097D4EE7}"
EndProject
Global
	GlobalSection(SolutionConfigurationPlatforms) = preSolution
		Debug|x64 = Debug|x64
		Debug|x86 = Debug|x86
		Release|x64 = Release|x64
		Release|x86 = Release|x86
	EndGlobalSection
	GlobalSection(ProjectConfigurationPlatforms) = postSolution
		{9A3F8D61-37A4-4C6B-83DB-1F35097D4EE7}.Debug|x64.ActiveCfg = Debug|x64
		{9A3F8D61-37A4-4C6B-83DB-1F35097D4EE7}.Debug|x64.Build.0 = Debug|x64
		{9A3F8D61-37A4-4C6B-83DB-1F35097D4EE7}.Debug|x86.ActiveCfg = Debug|Win32
		{9A3F8D61-37A4-4C6B-83DB-1F35097D4EE7}.Debug|x86.Build.0 = Debug|Win32
		{9A3F8D61-37A4-4C6B-83DB-1F35097D4EE7}.Release|x64.ActiveCfg = Release|x64
		{9A3F8D61-37A4-4C6B-83DB-1F35097D4EE7}.Release|x64.Build.0 = Release|x64
		{9A3F8D61-37A4-4C6B-83DB-1F35097D4EE7}.Release|x86.ActiveCfg = Release|Win32
		{9A3F8D61-37A4-4C6B-83DB-1F35097D4EE7}.Release|x86.Build.0 = Release|Win32
	EndGlobalSection
	GlobalSection(SolutionProperties) = preSolution
		HideSolutionNode = FALSE
	EndGlobalSection
	GlobalSection(ExtensibilityGlobals) = postSolution
		SolutionGuid = {8AD3EE26-9CFC-41A1-9DDF-B0062B1AC8EA}
	EndGlobalSection
EndGlobal
